
Microsoft Visual Studio Solution File, Format Version 12.00
# Visual Studio Version 17
VisualStudioVersion = 17.7.34018.315
MinimumVisualStudioVersion = 10.0.40219.1
Project("{FAE04EC0-301F-11D3-BF4B-00C04F79EFBC}") = "PromNot", "PromNot.csproj", "{11E7BE8E-A3CF-4618-8959-3025E66F14A1}"
EndProject
Global
	GlobalSection(SolutionConfigurationPlatforms) = preSolution
		Debug|Any CPU = Debug|Any CPU
		Release|Any CPU = Release|Any CPU
	EndGlobalSection
	GlobalSection(ProjectConfigurationPlatforms) = postSolution
		{11E7BE8E-A3CF-4618-8959-3025E66F14A1}.Debug|Any CPU.ActiveCfg = Debug|Any CPU
		{11E7BE8E-A3CF-4618-8959-3025E66F14A1}.Debug|Any CPU.Build.0 = Debug|Any CPU
		{11E7BE8E-A3CF-4618-8959-3025E66F14A1}.Release|Any CPU.ActiveCfg = Release|Any CPU
		{11E7BE8E-A3CF-4618-8959-3025E66F14A1}.Release|Any CPU.Build.0 = Release|Any CPU
	EndGlobalSection
	GlobalSection(SolutionProperties) = preSolution
		HideSolutionNode = FALSE
	EndGlobalSection
	GlobalSection(ExtensibilityGlobals) = postSolution
		SolutionGuid = {BF9DC9D1-A653-4E9A-9E2A-DF5AFA22BE50}
	EndGlobalSection
EndGlobal
